
Microsoft Visual Studio Solution File, Format Version 12.00
# Visual Studio 15
VisualStudioVersion = 15.0.26124.0
MinimumVisualStudioVersion = 15.0.26124.0
Project("{FAE04EC0-301F-11D3-BF4B-00C04F79EFBC}") = "GraphQLDemo.API", "GraphQLDemo.API\GraphQLDemo.API.csproj", "{2552365C-86E5-4F02-B710-0AE1283E9E5B}"
EndProject
Project("{FAE04EC0-301F-11D3-BF4B-00C04F79EFBC}") = "GraphQLDemo.DAL", "GraphQLDemo.DAL\GraphQLDemo.DAL.csproj", "{3B9911E5-3F3B-4022-B5EA-34697A310924}"
EndProject
Project("{FAE04EC0-301F-11D3-BF4B-00C04F79EFBC}") = "GraphQLDemo.Interfaces", "GraphQLDemo.Interfaces\GraphQLDemo.Interfaces.csproj", "{D1D92A33-093F-4CF2-BCCD-69B47F36DCEC}"
EndProject
Project("{FAE04EC0-301F-11D3-BF4B-00C04F79EFBC}") = "GraphQLDemo.Client", "GraphQLDemo.Client\GraphQLDemo.Client.csproj", "{4A5677DF-338C-4F22-A05D-9D6B247CFD4C}"
EndProject
Project("{FAE04EC0-301F-11D3-BF4B-00C04F79EFBC}") = "GraphQLDemo.Client.Tests", "GraphQLDemo.Client.Tests\GraphQLDemo.Client.Tests.csproj", "{58BD20C4-5639-4C0B-80EF-0236CCDA0088}"
EndProject
Global
	GlobalSection(SolutionConfigurationPlatforms) = preSolution
		Debug|Any CPU = Debug|Any CPU
		Debug|x64 = Debug|x64
		Debug|x86 = Debug|x86
		Release|Any CPU = Release|Any CPU
		Release|x64 = Release|x64
		Release|x86 = Release|x86
	EndGlobalSection
	GlobalSection(SolutionProperties) = preSolution
		HideSolutionNode = FALSE
	EndGlobalSection
	GlobalSection(ProjectConfigurationPlatforms) = postSolution
		{2552365C-86E5-4F02-B710-0AE1283E9E5B}.Debug|Any CPU.ActiveCfg = Debug|Any CPU
		{2552365C-86E5-4F02-B710-0AE1283E9E5B}.Debug|Any CPU.Build.0 = Debug|Any CPU
		{2552365C-86E5-4F02-B710-0AE1283E9E5B}.Debug|x64.ActiveCfg = Debug|Any CPU
		{2552365C-86E5-4F02-B710-0AE1283E9E5B}.Debug|x64.Build.0 = Debug|Any CPU
		{2552365C-86E5-4F02-B710-0AE1283E9E5B}.Debug|x86.ActiveCfg = Debug|Any CPU
		{2552365C-86E5-4F02-B710-0AE1283E9E5B}.Debug|x86.Build.0 = Debug|Any CPU
		{2552365C-86E5-4F02-B710-0AE1283E9E5B}.Release|Any CPU.ActiveCfg = Release|Any CPU
		{2552365C-86E5-4F02-B710-0AE1283E9E5B}.Release|Any CPU.Build.0 = Release|Any CPU
		{2552365C-86E5-4F02-B710-0AE1283E9E5B}.Release|x64.ActiveCfg = Release|Any CPU
		{2552365C-86E5-4F02-B710-0AE1283E9E5B}.Release|x64.Build.0 = Release|Any CPU
		{2552365C-86E5-4F02-B710-0AE1283E9E5B}.Release|x86.ActiveCfg = Release|Any CPU
		{2552365C-86E5-4F02-B710-0AE1283E9E5B}.Release|x86.Build.0 = Release|Any CPU
		{3B9911E5-3F3B-4022-B5EA-34697A310924}.Debug|Any CPU.ActiveCfg = Debug|Any CPU
		{3B9911E5-3F3B-4022-B5EA-34697A310924}.Debug|Any CPU.Build.0 = Debug|Any CPU
		{3B9911E5-3F3B-4022-B5EA-34697A310924}.Debug|x64.ActiveCfg = Debug|Any CPU
		{3B9911E5-3F3B-4022-B5EA-34697A310924}.Debug|x64.Build.0 = Debug|Any CPU
		{3B9911E5-3F3B-4022-B5EA-34697A310924}.Debug|x86.ActiveCfg = Debug|Any CPU
		{3B9911E5-3F3B-4022-B5EA-34697A310924}.Debug|x86.Build.0 = Debug|Any CPU
		{3B9911E5-3F3B-4022-B5EA-34697A310924}.Release|Any CPU.ActiveCfg = Release|Any CPU
		{3B9911E5-3F3B-4022-B5EA-34697A310924}.Release|Any CPU.Build.0 = Release|Any CPU
		{3B9911E5-3F3B-4022-B5EA-34697A310924}.Release|x64.ActiveCfg = Release|Any CPU
		{3B9911E5-3F3B-4022-B5EA-34697A310924}.Release|x64.Build.0 = Release|Any CPU
		{3B9911E5-3F3B-4022-B5EA-34697A310924}.Release|x86.ActiveCfg = Release|Any CPU
		{3B9911E5-3F3B-4022-B5EA-34697A310924}.Release|x86.Build.0 = Release|Any CPU
		{D1D92A33-093F-4CF2-BCCD-69B47F36DCEC}.Debug|Any CPU.ActiveCfg = Debug|Any CPU
		{D1D92A33-093F-4CF2-BCCD-69B47F36DCEC}.Debug|Any CPU.Build.0 = Debug|Any CPU
		{D1D92A33-093F-4CF2-BCCD-69B47F36DCEC}.Debug|x64.ActiveCfg = Debug|Any CPU
		{D1D92A33-093F-4CF2-BCCD-69B47F36DCEC}.Debug|x64.Build.0 = Debug|Any CPU
		{D1D92A33-093F-4CF2-BCCD-69B47F36DCEC}.Debug|x86.ActiveCfg = Debug|Any CPU
		{D1D92A33-093F-4CF2-BCCD-69B47F36DCEC}.Debug|x86.Build.0 = Debug|Any CPU
		{D1D92A33-093F-4CF2-BCCD-69B47F36DCEC}.Release|Any CPU.ActiveCfg = Release|Any CPU
		{D1D92A33-093F-4CF2-BCCD-69B47F36DCEC}.Release|Any CPU.Build.0 = Release|Any CPU
		{D1D92A33-093F-4CF2-BCCD-69B47F36DCEC}.Release|x64.ActiveCfg = Release|Any CPU
		{D1D92A33-093F-4CF2-BCCD-69B47F36DCEC}.Release|x64.Build.0 = Release|Any CPU
		{D1D92A33-093F-4CF2-BCCD-69B47F36DCEC}.Release|x86.ActiveCfg = Release|Any CPU
		{D1D92A33-093F-4CF2-BCCD-69B47F36DCEC}.Release|x86.Build.0 = Release|Any CPU
		{4A5677DF-338C-4F22-A05D-9D6B247CFD4C}.Debug|Any CPU.ActiveCfg = Debug|Any CPU
		{4A5677DF-338C-4F22-A05D-9D6B247CFD4C}.Debug|Any CPU.Build.0 = Debug|Any CPU
		{4A5677DF-338C-4F22-A05D-9D6B247CFD4C}.Debug|x64.ActiveCfg = Debug|Any CPU
		{4A5677DF-338C-4F22-A05D-9D6B247CFD4C}.Debug|x64.Build.0 = Debug|Any CPU
		{4A5677DF-338C-4F22-A05D-9D6B247CFD4C}.Debug|x86.ActiveCfg = Debug|Any CPU
		{4A5677DF-338C-4F22-A05D-9D6B247CFD4C}.Debug|x86.Build.0 = Debug|Any CPU
		{4A5677DF-338C-4F22-A05D-9D6B247CFD4C}.Release|Any CPU.ActiveCfg = Release|Any CPU
		{4A5677DF-338C-4F22-A05D-9D6B247CFD4C}.Release|Any CPU.Build.0 = Release|Any CPU
		{4A5677DF-338C-4F22-A05D-9D6B247CFD4C}.Release|x64.ActiveCfg = Release|Any CPU
		{4A5677DF-338C-4F22-A05D-9D6B247CFD4C}.Release|x64.Build.0 = Release|Any CPU
		{4A5677DF-338C-4F22-A05D-9D6B247CFD4C}.Release|x86.ActiveCfg = Release|Any CPU
		{4A5677DF-338C-4F22-A05D-9D6B247CFD4C}.Release|x86.Build.0 = Release|Any CPU
		{58BD20C4-5639-4C0B-80EF-0236CCDA0088}.Debug|Any CPU.ActiveCfg = Debug|Any CPU
		{58BD20C4-5639-4C0B-80EF-0236CCDA0088}.Debug|Any CPU.Build.0 = Debug|Any CPU
		{58BD20C4-5639-4C0B-80EF-0236CCDA0088}.Debug|x64.ActiveCfg = Debug|Any CPU
		{58BD20C4-5639-4C0B-80EF-0236CCDA0088}.Debug|x64.Build.0 = Debug|Any CPU
		{58BD20C4-5639-4C0B-80EF-0236CCDA0088}.Debug|x86.ActiveCfg = Debug|Any CPU
		{58BD20C4-5639-4C0B-80EF-0236CCDA0088}.Debug|x86.Build.0 = Debug|Any CPU
		{58BD20C4-5639-4C0B-80EF-0236CCDA0088}.Release|Any CPU.ActiveCfg = Release|Any CPU
		{58BD20C4-5639-4C0B-80EF-0236CCDA0088}.Release|Any CPU.Build.0 = Release|Any CPU
		{58BD20C4-5639-4C0B-80EF-0236CCDA0088}.Release|x64.ActiveCfg = Release|Any CPU
		{58BD20C4-5639-4C0B-80EF-0236CCDA0088}.Release|x64.Build.0 = Release|Any CPU
		{58BD20C4-5639-4C0B-80EF-0236CCDA0088}.Release|x86.ActiveCfg = Release|Any CPU
		{58BD20C4-5639-4C0B-80EF-0236CCDA0088}.Release|x86.Build.0 = Release|Any CPU
	EndGlobalSection
EndGlobal
